github.com/joho/godotenv v1.4.0 h1:3l4+N6zfMWnkbPEXKng2o2/MR5mSwTrBih4ZEkkz1lg=
github.com/joho/godotenv v1.4.0/go.mod h1:f4LDr5Voq0i2e/R5DDNOoa2zzDfwtkZa6DnEwAbqwq4=
github.com/yanatan16/itertools v0.0.0-20160513161737-afd1891e0c4f h1:Nt6x3SZefKmgBH5C/nnDP15wzvqKx9y0LTmdakXyack=
github.com/yanatan16/itertools v0.0.0-20160513161737-afd1891e0c4f/go.mod h1:wI7IL5IhXLGBXvxuVv9WkhkUQj/KHN0pq5EIlRbA89E=
